
Microsoft Visual Studio Solution File, Format Version 12.00
# Visual Studio Version 16
VisualStudioVersion = 16.0.30608.117
MinimumVisualStudioVersion = 10.0.40219.1
Project("{FAE04EC0-301F-11D3-BF4B-00C04F79EFBC}") = "AvaloniaVSync", "AvaloniaVSync\AvaloniaVSync.csproj", "{5DDD1EAA-84ED-4EF2-AE15-C2F8EF211E93}"
EndProject
Global
	GlobalSection(SolutionConfigurationPlatforms) = preSolution
		Debug|Any CPU = Debug|Any CPU
		Release|Any CPU = Release|Any CPU
	EndGlobalSection
	GlobalSection(ProjectConfigurationPlatforms) = postSolution
		{5DDD1EAA-84ED-4EF2-AE15-C2F8EF211E93}.Debug|Any CPU.ActiveCfg = Debug|Any CPU
		{5DDD1EAA-84ED-4EF2-AE15-C2F8EF211E93}.Debug|Any CPU.Build.0 = Debug|Any CPU
		{5DDD1EAA-84ED-4EF2-AE15-C2F8EF211E93}.Release|Any CPU.ActiveCfg = Release|Any CPU
		{5DDD1EAA-84ED-4EF2-AE15-C2F8EF211E93}.Release|Any CPU.Build.0 = Release|Any CPU
	EndGlobalSection
	GlobalSection(SolutionProperties) = preSolution
		HideSolutionNode = FALSE
	EndGlobalSection
	GlobalSection(ExtensibilityGlobals) = postSolution
		SolutionGuid = {14CB9A94-3A23-47CC-9157-7C764CDAB801}
	EndGlobalSection
EndGlobal
